// !$*UTF8*$!
{
	archiveVersion = 1;
	classes = {
	};
	objectVersion = 46;
	objects = {

/* Begin PBXBuildFile section */
		0D68ED9015840482002A07D6 /* Foundation.framework in Frameworks */ = {isa = PBXBuildFile; fileRef = 0D68ED8F15840482002A07D6 /* Foundation.framework */; };
		0D68ED9315840482002A07D6 /* main.m in Sources */ = {isa = PBXBuildFile; fileRef = 0D68ED9215840482002A07D6 /* main.m */; };
		0D68ED9715840482002A07D6 /* AUSine.1 in CopyFiles */ = {isa = PBXBuildFile; fileRef = 0D68ED9615840482002A07D6 /* AUSine.1 */; };
/* End PBXBuildFile section */

/* Begin PBXCopyFilesBuildPhase section */
		0D68ED8915840482002A07D6 /* CopyFiles */ = {
			isa = PBXCopyFilesBuildPhase;
			buildActionMask = 2147483647;
			dstPath = /usr/share/man/man1/;
			dstSubfolderSpec = 0;
			files = (
				0D68ED9715840482002A07D6 /* AUSine.1 in CopyFiles */,
			);
			runOnlyForDeploymentPostprocessing = 1;
		};
/* End PBXCopyFilesBuildPhase section */

/* Begin PBXFileReference section */
		0D68ED8B15840482002A07D6 /* AUSine */ = {isa = PBXFileReference; explicitFileType = "compiled.mach-o.executable"; includeInIndex = 0; path = AUSine; sourceTree = BUILT_PRODUCTS_DIR; };
		0D68ED8F15840482002A07D6 /* Foundation.framework */ = {isa = PBXFileReference; lastKnownFileType = wrapper.framework; name = Foundation.framework; path = System/Library/Frameworks/Foundation.framework; sourceTree = SDKROOT; };
		0D68ED9215840482002A07D6 /* main.m */ = {isa = PBXFileReference; lastKnownFileType = sourcecode.c.objc; path = main.m; sourceTree = "<group>"; };
		0D68ED9515840482002A07D6 /* AUSine-Prefix.pch */ = {isa = PBXFileReference; path = "AUSine-Prefix.pch"; sourceTree = "<group>"; };
		0D68ED9615840482002A07D6 /* AUSine.1 */ = {isa = PBXFileReference; lastKnownFileType = text.man; path = AUSine.1; sourceTree = "<group>"; };
/* End PBXFileReference section */

/* Begin PBXFrameworksBuildPhase section */
		0D68ED8815840482002A07D6 /* Frameworks */ = {
			isa = PBXFrameworksBuildPhase;
			buildActionMask = 2147483647;
			files = (
				0D68ED9015840482002A07D6 /* Foundation.framework in Frameworks */,
			);
			runOnlyForDeploymentPostprocessing = 0;
		};
/* End PBXFrameworksBuildPhase section */

/* Begin PBXGroup section */
		0D68ED8015840482002A07D6 = {
			isa = PBXGroup;
			children = (
				0D68ED9115840482002A07D6 /* AUSine */,
				0D68ED8E15840482002A07D6 /* Frameworks */,
				0D68ED8C15840482002A07D6 /* Products */,
			);
			sourceTree = "<group>";
		};
		0D68ED8C15840482002A07D6 /* Products */ = {
			isa = PBXGroup;
			children = (
				0D68ED8B15840482002A07D6 /* AUSine */,
			);
			name = Products;
			sourceTree = "<group>";
		};
		0D68ED8E15840482002A07D6 /* Frameworks */ = {
			isa = PBXGroup;
			children = (
				0D68ED8F15840482002A07D6 /* Foundation.framework */,
			);
			name = Frameworks;
			sourceTree = "<group>";
		};
		0D68ED9115840482002A07D6 /* AUSine */ = {
			isa = PBXGroup;
			children = (
				0D68ED9215840482002A07D6 /* main.m */,
				0D68ED9615840482002A07D6 /* AUSine.1 */,
				0D68ED9415840482002A07D6 /* Supporting Files */,
			);
			path = AUSine;
			sourceTree = "<group>";
		};
		0D68ED9415840482002A07D6 /* Supporting Files */ = {
			isa = PBXGroup;
			children = (
				0D68ED9515840482002A07D6 /* AUSine-Prefix.pch */,
			);
			name = "Supporting Files";
			sourceTree = "<group>";
		};
/* End PBXGroup section */

/* Begin PBXNativeTarget section */
		0D68ED8A15840482002A07D6 /* AUSine */ = {
			isa = PBXNativeTarget;
			buildConfigurationList = 0D68ED9A15840483002A07D6 /* Build configuration list for PBXNativeTarget "AUSine" */;
			buildPhases = (
				0D68ED8715840482002A07D6 /* Sources */,
				0D68ED8815840482002A07D6 /* Frameworks */,
				0D68ED8915840482002A07D6 /* CopyFiles */,
			);
			buildRules = (
			);
			dependencies = (
			);
			name = AUSine;
			productName = AUSine;
			productReference = 0D68ED8B15840482002A07D6 /* AUSine */;
			productType = "com.apple.product-type.tool";
		};
/* End PBXNativeTarget section */

/* Begin PBXProject section */
		0D68ED8215840482002A07D6 /* Project object */ = {
			isa = PBXProject;
			attributes = {
				LastUpgradeCheck = 0430;
			};
			buildConfigurationList = 0D68ED8515840482002A07D6 /* Build configuration list for PBXProject "AUSine" */;
			compatibilityVersion = "Xcode 3.2";
			developmentRegion = English;
			hasScannedForEncodings = 0;
			knownRegions = (
				en,
			);
			mainGroup = 0D68ED8015840482002A07D6;
			productRefGroup = 0D68ED8C15840482002A07D6 /* Products */;
			projectDirPath = "";
			projectRoot = "";
			targets = (
				0D68ED8A15840482002A07D6 /* AUSine */,
			);
		};
/* End PBXProject section */

/* Begin PBXSourcesBuildPhase section */
		0D68ED8715840482002A07D6 /* Sources */ = {
			isa = PBXSourcesBuildPhase;
			buildActionMask = 2147483647;
			files = (
				0D68ED9315840482002A07D6 /* main.m in Sources */,
			);
			runOnlyForDeploymentPostprocessing = 0;
		};
/* End PBXSourcesBuildPhase section */

/* Begin XCBuildConfiguration section */
		0D68ED9815840482002A07D6 /* Debug */ = {
			isa = XCBuildConfiguration;
			buildSettings = {
				ALWAYS_SEARCH_USER_PATHS = NO;
				ARCHS = "$(ARCHS_STANDARD_64_BIT)";
				CLANG_ENABLE_OBJC_ARC = YES;
				COPY_PHASE_STRIP = NO;
				GCC_C_LANGUAGE_STANDARD = gnu99;
				GCC_DYNAMIC_NO_PIC = NO;
				GCC_ENABLE_OBJC_EXCEPTIONS = YES;
				GCC_OPTIMIZATION_LEVEL = 0;
				GCC_PREPROCESSOR_DEFINITIONS = (
					"DEBUG=1",
					"$(inherited)",
				);
				GCC_SYMBOLS_PRIVATE_EXTERN = NO;
				GCC_VERSION = com.apple.compilers.llvm.clang.1_0;
				GCC_WARN_64_TO_32_BIT_CONVERSION = YES;
				GCC_WARN_ABOUT_RETURN_TYPE = YES;
				GCC_WARN_UNINITIALIZED_AUTOS = YES;
				GCC_WARN_UNUSED_VARIABLE = YES;
				MACOSX_DEPLOYMENT_TARGET = 10.7;
				ONLY_ACTIVE_ARCH = YES;
				SDKROOT = macosx;
			};
			name = Debug;
		};
		0D68ED9915840483002A07D6 /* Release */ = {
			isa = XCBuildConfiguration;
			buildSettings = {
				ALWAYS_SEARCH_USER_PATHS = NO;
				ARCHS = "$(ARCHS_STANDARD_64_BIT)";
				CLANG_ENABLE_OBJC_ARC = YES;
				COPY_PHASE_STRIP = YES;
				DEBUG_INFORMATION_FORMAT = "dwarf-with-dsym";
				GCC_C_LANGUAGE_STANDARD = gnu99;
				GCC_ENABLE_OBJC_EXCEPTIONS = YES;
				GCC_VERSION = com.apple.compilers.llvm.clang.1_0;
				GCC_WARN_64_TO_32_BIT_CONVERSION = YES;
				GCC_WARN_ABOUT_RETURN_TYPE = YES;
				GCC_WARN_UNINITIALIZED_AUTOS = YES;
				GCC_WARN_UNUSED_VARIABLE = YES;
				MACOSX_DEPLOYMENT_TARGET = 10.7;
				SDKROOT = macosx;
			};
			name = Release;
		};
		0D68ED9B15840483002A07D6 /* Debug */ = {
			isa = XCBuildConfiguration;
			buildSettings = {
				GCC_PRECOMPILE_PREFIX_HEADER = YES;
				GCC_PREFIX_HEADER = "AUSine/AUSine-Prefix.pch";
				PRODUCT_NAME = "$(TARGET_NAME)";
			};
			name = Debug;
		};
		0D68ED9C15840483002A07D6 /* Release */ = {
			isa = XCBuildConfiguration;
			buildSettings = {
				GCC_PRECOMPILE_PREFIX_HEADER = YES;
				GCC_PREFIX_HEADER = "AUSine/AUSine-Prefix.pch";
				PRODUCT_NAME = "$(TARGET_NAME)";
			};
			name = Release;
		};
/* End XCBuildConfiguration section */

/* Begin XCConfigurationList section */
		0D68ED8515840482002A07D6 /* Build configuration list for PBXProject "AUSine" */ = {
			isa = XCConfigurationList;
			buildConfigurations = (
				0D68ED9815840482002A07D6 /* Debug */,
				0D68ED9915840483002A07D6 /* Release */,
			);
			defaultConfigurationIsVisible = 0;
			defaultConfigurationName = Release;
		};
		0D68ED9A15840483002A07D6 /* Build configuration list for PBXNativeTarget "AUSine" */ = {
			isa = XCConfigurationList;
			buildConfigurations = (
				0D68ED9B15840483002A07D6 /* Debug */,
				0D68ED9C15840483002A07D6 /* Release */,
			);
			defaultConfigurationIsVisible = 0;
		};
/* End XCConfigurationList section */
	};
	rootObject = 0D68ED8215840482002A07D6 /* Project object */;
}
